// !$*UTF8*$!
{
	archiveVersion = 1;
	classes = {
	};
	objectVersion = 56;
	objects = {

/* Begin PBXBuildFile section */
		7452DDF929C5D5F400FB579A /* AppDelegate.swift in Sources */ = {isa = PBXBuildFile; fileRef = 7452DDF829C5D5F400FB579A /* AppDelegate.swift */; };
		7452DDFB29C5D5F400FB579A /* SceneDelegate.swift in Sources */ = {isa = PBXBuildFile; fileRef = 7452DDFA29C5D5F400FB579A /* SceneDelegate.swift */; };
		7452DDFD29C5D5F400FB579A /* MainViewController.swift in Sources */ = {isa = PBXBuildFile; fileRef = 7452DDFC29C5D5F400FB579A /* MainViewController.swift */; };
		7452DE0329C5D5F400FB579A /* YuGiOh.xcdatamodeld in Sources */ = {isa = PBXBuildFile; fileRef = 7452DE0129C5D5F400FB579A /* YuGiOh.xcdatamodeld */; };
		7452DE0529C5D5F500FB579A /* Assets.xcassets in Resources */ = {isa = PBXBuildFile; fileRef = 7452DE0429C5D5F500FB579A /* Assets.xcassets */; };
		7452DE0829C5D5F500FB579A /* LaunchScreen.storyboard in Resources */ = {isa = PBXBuildFile; fileRef = 7452DE0629C5D5F500FB579A /* LaunchScreen.storyboard */; };
		7452DE1429C6031D00FB579A /* LoginViewController.swift in Sources */ = {isa = PBXBuildFile; fileRef = 7452DE1329C6031D00FB579A /* LoginViewController.swift */; };
		7452DE1729C6037600FB579A /* CardsViewController.swift in Sources */ = {isa = PBXBuildFile; fileRef = 7452DE1629C6037600FB579A /* CardsViewController.swift */; };
		7452DE1A29C6044800FB579A /* SettingsViewController.swift in Sources */ = {isa = PBXBuildFile; fileRef = 7452DE1929C6044800FB579A /* SettingsViewController.swift */; };
		7452DE1D29C606E700FB579A /* YuGiButton.swift in Sources */ = {isa = PBXBuildFile; fileRef = 7452DE1C29C606E700FB579A /* YuGiButton.swift */; };
		7452DE1F29C60BFE00FB579A /* LoginView.swift in Sources */ = {isa = PBXBuildFile; fileRef = 7452DE1E29C60BFE00FB579A /* LoginView.swift */; };
		7452DE2229C74FA700FB579A /* FavoritesViewController.swift in Sources */ = {isa = PBXBuildFile; fileRef = 7452DE2129C74FA700FB579A /* FavoritesViewController.swift */; };
		7452DE2929CD986400FB579A /* DataModel.swift in Sources */ = {isa = PBXBuildFile; fileRef = 7452DE2429CD986400FB579A /* DataModel.swift */; };
		7452DE2A29CD986400FB579A /* CardModel.swift in Sources */ = {isa = PBXBuildFile; fileRef = 7452DE2529CD986400FB579A /* CardModel.swift */; };
		7452DE2B29CD986400FB579A /* CardCell.swift in Sources */ = {isa = PBXBuildFile; fileRef = 7452DE2729CD986400FB579A /* CardCell.swift */; };
		7452DE2C29CD986400FB579A /* CardCell.xib in Resources */ = {isa = PBXBuildFile; fileRef = 7452DE2829CD986400FB579A /* CardCell.xib */; };
		7452DE2E29CD98D000FB579A /* YuGiImage.swift in Sources */ = {isa = PBXBuildFile; fileRef = 7452DE2D29CD98D000FB579A /* YuGiImage.swift */; };
/* End PBXBuildFile section */

/* Begin PBXFileReference section */
		7452DDF529C5D5F400FB579A /* YuGiOh.app */ = {isa = PBXFileReference; explicitFileType = wrapper.application; includeInIndex = 0; path = YuGiOh.app; sourceTree = BUILT_PRODUCTS_DIR; };
		7452DDF829C5D5F400FB579A /* AppDelegate.swift */ = {isa = PBXFileReference; lastKnownFileType = sourcecode.swift; path = AppDelegate.swift; sourceTree = "<group>"; };
		7452DDFA29C5D5F400FB579A /* SceneDelegate.swift */ = {isa = PBXFileReference; lastKnownFileType = sourcecode.swift; path = SceneDelegate.swift; sourceTree = "<group>"; };
		7452DDFC29C5D5F400FB579A /* MainViewController.swift */ = {isa = PBXFileReference; lastKnownFileType = sourcecode.swift; path = MainViewController.swift; sourceTree = "<group>"; };
		7452DE0229C5D5F400FB579A /* YuGiOh.xcdatamodel */ = {isa = PBXFileReference; lastKnownFileType = wrapper.xcdatamodel; path = YuGiOh.xcdatamodel; sourceTree = "<group>"; };
		7452DE0429C5D5F500FB579A /* Assets.xcassets */ = {isa = PBXFileReference; lastKnownFileType = folder.assetcatalog; path = Assets.xcassets; sourceTree = "<group>"; };
		7452DE0729C5D5F500FB579A /* Base */ = {isa = PBXFileReference; lastKnownFileType = file.storyboard; name = Base; path = Base.lproj/LaunchScreen.storyboard; sourceTree = "<group>"; };
		7452DE0929C5D5F500FB579A /* Info.plist */ = {isa = PBXFileReference; lastKnownFileType = text.plist.xml; path = Info.plist; sourceTree = "<group>"; };
		7452DE1329C6031D00FB579A /* LoginViewController.swift */ = {isa = PBXFileReference; lastKnownFileType = sourcecode.swift; path = LoginViewController.swift; sourceTree = "<group>"; };
		7452DE1629C6037600FB579A /* CardsViewController.swift */ = {isa = PBXFileReference; lastKnownFileType = sourcecode.swift; path = CardsViewController.swift; sourceTree = "<group>"; };
		7452DE1929C6044800FB579A /* SettingsViewController.swift */ = {isa = PBXFileReference; lastKnownFileType = sourcecode.swift; path = SettingsViewController.swift; sourceTree = "<group>"; };
		7452DE1C29C606E700FB579A /* YuGiButton.swift */ = {isa = PBXFileReference; lastKnownFileType = sourcecode.swift; path = YuGiButton.swift; sourceTree = "<group>"; };
		7452DE1E29C60BFE00FB579A /* LoginView.swift */ = {isa = PBXFileReference; lastKnownFileType = sourcecode.swift; path = LoginView.swift; sourceTree = "<group>"; };
		7452DE2129C74FA700FB579A /* FavoritesViewController.swift */ = {isa = PBXFileReference; lastKnownFileType = sourcecode.swift; path = FavoritesViewController.swift; sourceTree = "<group>"; };
		7452DE2429CD986400FB579A /* DataModel.swift */ = {isa = PBXFileReference; fileEncoding = 4; lastKnownFileType = sourcecode.swift; path = DataModel.swift; sourceTree = "<group>"; };
		7452DE2529CD986400FB579A /* CardModel.swift */ = {isa = PBXFileReference; fileEncoding = 4; lastKnownFileType = sourcecode.swift; path = CardModel.swift; sourceTree = "<group>"; };
		7452DE2729CD986400FB579A /* CardCell.swift */ = {isa = PBXFileReference; fileEncoding = 4; lastKnownFileType = sourcecode.swift; path = CardCell.swift; sourceTree = "<group>"; };
		7452DE2829CD986400FB579A /* CardCell.xib */ = {isa = PBXFileReference; fileEncoding = 4; lastKnownFileType = file.xib; path = CardCell.xib; sourceTree = "<group>"; };
		7452DE2D29CD98D000FB579A /* YuGiImage.swift */ = {isa = PBXFileReference; lastKnownFileType = sourcecode.swift; path = YuGiImage.swift; sourceTree = "<group>"; };
/* End PBXFileReference section */

/* Begin PBXFrameworksBuildPhase section */
		7452DDF229C5D5F400FB579A /* Frameworks */ = {
			isa = PBXFrameworksBuildPhase;
			buildActionMask = 2147483647;
			files = (
			);
			runOnlyForDeploymentPostprocessing = 0;
		};
/* End PBXFrameworksBuildPhase section */

/* Begin PBXGroup section */
		7452DDEC29C5D5F400FB579A = {
			isa = PBXGroup;
			children = (
				7452DDF729C5D5F400FB579A /* YuGiOh */,
				7452DDF629C5D5F400FB579A /* Products */,
			);
			sourceTree = "<group>";
		};
		7452DDF629C5D5F400FB579A /* Products */ = {
			isa = PBXGroup;
			children = (
				7452DDF529C5D5F400FB579A /* YuGiOh.app */,
			);
			name = Products;
			sourceTree = "<group>";
		};
		7452DDF729C5D5F400FB579A /* YuGiOh */ = {
			isa = PBXGroup;
			children = (
				7452DE1B29C606B700FB579A /* Components */,
				7452DE1229C602E100FB579A /* Resources */,
				7452DE0F29C602C300FB579A /* Scenes */,
				7452DE0929C5D5F500FB579A /* Info.plist */,
				7452DE0129C5D5F400FB579A /* YuGiOh.xcdatamodeld */,
			);
			path = YuGiOh;
			sourceTree = "<group>";
		};
		7452DE0F29C602C300FB579A /* Scenes */ = {
			isa = PBXGroup;
			children = (
				7452DE2029C74F9100FB579A /* Favorites */,
				7452DE1829C6043F00FB579A /* Settings */,
				7452DE1529C6035F00FB579A /* Cards */,
				7452DE1129C602D400FB579A /* Main */,
				7452DE1029C602CD00FB579A /* Login */,
			);
			path = Scenes;
			sourceTree = "<group>";
		};
		7452DE1029C602CD00FB579A /* Login */ = {
			isa = PBXGroup;
			children = (
				7452DE1329C6031D00FB579A /* LoginViewController.swift */,
				7452DE1E29C60BFE00FB579A /* LoginView.swift */,
			);
			path = Login;
			sourceTree = "<group>";
		};
		7452DE1129C602D400FB579A /* Main */ = {
			isa = PBXGroup;
			children = (
				7452DDFC29C5D5F400FB579A /* MainViewController.swift */,
			);
			path = Main;
			sourceTree = "<group>";
		};
		7452DE1229C602E100FB579A /* Resources */ = {
			isa = PBXGroup;
			children = (
				7452DDF829C5D5F400FB579A /* AppDelegate.swift */,
				7452DDFA29C5D5F400FB579A /* SceneDelegate.swift */,
				7452DE0429C5D5F500FB579A /* Assets.xcassets */,
				7452DE0629C5D5F500FB579A /* LaunchScreen.storyboard */,
			);
			path = Resources;
			sourceTree = "<group>";
		};
		7452DE1529C6035F00FB579A /* Cards */ = {
			isa = PBXGroup;
			children = (
				7452DE2329CD986400FB579A /* Model */,
				7452DE2629CD986400FB579A /* View */,
				7452DE1629C6037600FB579A /* CardsViewController.swift */,
			);
			path = Cards;
			sourceTree = "<group>";
		};
		7452DE1829C6043F00FB579A /* Settings */ = {
			isa = PBXGroup;
			children = (
				7452DE1929C6044800FB579A /* SettingsViewController.swift */,
			);
			path = Settings;
			sourceTree = "<group>";
		};
		7452DE1B29C606B700FB579A /* Components */ = {
			isa = PBXGroup;
			children = (
				7452DE1C29C606E700FB579A /* YuGiButton.swift */,
				7452DE2D29CD98D000FB579A /* YuGiImage.swift */,
			);
			path = Components;
			sourceTree = "<group>";
		};
		7452DE2029C74F9100FB579A /* Favorites */ = {
			isa = PBXGroup;
			children = (
				7452DE2129C74FA700FB579A /* FavoritesViewController.swift */,
			);
			path = Favorites;
			sourceTree = "<group>";
		};
		7452DE2329CD986400FB579A /* Model */ = {
			isa = PBXGroup;
			children = (
				7452DE2429CD986400FB579A /* DataModel.swift */,
				7452DE2529CD986400FB579A /* CardModel.swift */,
			);
			path = Model;
			sourceTree = "<group>";
		};
		7452DE2629CD986400FB579A /* View */ = {
			isa = PBXGroup;
			children = (
				7452DE2729CD986400FB579A /* CardCell.swift */,
				7452DE2829CD986400FB579A /* CardCell.xib */,
			);
			path = View;
			sourceTree = "<group>";
		};
/* End PBXGroup section */

/* Begin PBXNativeTarget section */
		7452DDF429C5D5F400FB579A /* YuGiOh */ = {
			isa = PBXNativeTarget;
			buildConfigurationList = 7452DE0C29C5D5F500FB579A /* Build configuration list for PBXNativeTarget "YuGiOh" */;
			buildPhases = (
				7452DDF129C5D5F400FB579A /* Sources */,
				7452DDF229C5D5F400FB579A /* Frameworks */,
				7452DDF329C5D5F400FB579A /* Resources */,
			);
			buildRules = (
			);
			dependencies = (
			);
			name = YuGiOh;
			productName = YuGiOh;
			productReference = 7452DDF529C5D5F400FB579A /* YuGiOh.app */;
			productType = "com.apple.product-type.application";
		};
/* End PBXNativeTarget section */

/* Begin PBXProject section */
		7452DDED29C5D5F400FB579A /* Project object */ = {
			isa = PBXProject;
			attributes = {
				BuildIndependentTargetsInParallel = 1;
				LastSwiftUpdateCheck = 1420;
				LastUpgradeCheck = 1420;
				TargetAttributes = {
					7452DDF429C5D5F400FB579A = {
						CreatedOnToolsVersion = 14.2;
					};
				};
			};
			buildConfigurationList = 7452DDF029C5D5F400FB579A /* Build configuration list for PBXProject "YuGiOh" */;
			compatibilityVersion = "Xcode 14.0";
			developmentRegion = en;
			hasScannedForEncodings = 0;
			knownRegions = (
				en,
				Base,
			);
			mainGroup = 7452DDEC29C5D5F400FB579A;
			productRefGroup = 7452DDF629C5D5F400FB579A /* Products */;
			projectDirPath = "";
			projectRoot = "";
			targets = (
				7452DDF429C5D5F400FB579A /* YuGiOh */,
			);
		};
/* End PBXProject section */

/* Begin PBXResourcesBuildPhase section */
		7452DDF329C5D5F400FB579A /* Resources */ = {
			isa = PBXResourcesBuildPhase;
			buildActionMask = 2147483647;
			files = (
				7452DE0829C5D5F500FB579A /* LaunchScreen.storyboard in Resources */,
				7452DE2C29CD986400FB579A /* CardCell.xib in Resources */,
				7452DE0529C5D5F500FB579A /* Assets.xcassets in Resources */,
			);
			runOnlyForDeploymentPostprocessing = 0;
		};
/* End PBXResourcesBuildPhase section */

/* Begin PBXSourcesBuildPhase section */
		7452DDF129C5D5F400FB579A /* Sources */ = {
			isa = PBXSourcesBuildPhase;
			buildActionMask = 2147483647;
			files = (
				7452DE0329C5D5F400FB579A /* YuGiOh.xcdatamodeld in Sources */,
				7452DDFD29C5D5F400FB579A /* MainViewController.swift in Sources */,
				7452DE2929CD986400FB579A /* DataModel.swift in Sources */,
				7452DE2E29CD98D000FB579A /* YuGiImage.swift in Sources */,
				7452DE1A29C6044800FB579A /* SettingsViewController.swift in Sources */,
				7452DE1F29C60BFE00FB579A /* LoginView.swift in Sources */,
				7452DE2A29CD986400FB579A /* CardModel.swift in Sources */,
				7452DE1729C6037600FB579A /* CardsViewController.swift in Sources */,
				7452DDF929C5D5F400FB579A /* AppDelegate.swift in Sources */,
				7452DE1D29C606E700FB579A /* YuGiButton.swift in Sources */,
				7452DE1429C6031D00FB579A /* LoginViewController.swift in Sources */,
				7452DE2229C74FA700FB579A /* FavoritesViewController.swift in Sources */,
				7452DE2B29CD986400FB579A /* CardCell.swift in Sources */,
				7452DDFB29C5D5F400FB579A /* SceneDelegate.swift in Sources */,
			);
			runOnlyForDeploymentPostprocessing = 0;
		};
/* End PBXSourcesBuildPhase section */

/* Begin PBXVariantGroup section */
		7452DE0629C5D5F500FB579A /* LaunchScreen.storyboard */ = {
			isa = PBXVariantGroup;
			children = (
				7452DE0729C5D5F500FB579A /* Base */,
			);
			name = LaunchScreen.storyboard;
			sourceTree = "<group>";
		};
/* End PBXVariantGroup section */

/* Begin XCBuildConfiguration section */
		7452DE0A29C5D5F500FB579A /* Debug */ = {
			isa = XCBuildConfiguration;
			buildSettings = {
				ALWAYS_SEARCH_USER_PATHS = NO;
				CLANG_ANALYZER_NONNULL = YES;
				CLANG_ANALYZER_NUMBER_OBJECT_CONVERSION = YES_AGGRESSIVE;
				CLANG_CXX_LANGUAGE_STANDARD = "gnu++20";
				CLANG_ENABLE_MODULES = YES;
				CLANG_ENABLE_OBJC_ARC = YES;
				CLANG_ENABLE_OBJC_WEAK = YES;
				CLANG_WARN_BLOCK_CAPTURE_AUTORELEASING = YES;
				CLANG_WARN_BOOL_CONVERSION = YES;
				CLANG_WARN_COMMA = YES;
				CLANG_WARN_CONSTANT_CONVERSION = YES;
				CLANG_WARN_DEPRECATED_OBJC_IMPLEMENTATIONS = YES;
				CLANG_WARN_DIRECT_OBJC_ISA_USAGE = YES_ERROR;
				CLANG_WARN_DOCUMENTATION_COMMENTS = YES;
				CLANG_WARN_EMPTY_BODY = YES;
				CLANG_WARN_ENUM_CONVERSION = YES;
				CLANG_WARN_INFINITE_RECURSION = YES;
				CLANG_WARN_INT_CONVERSION = YES;
				CLANG_WARN_NON_LITERAL_NULL_CONVERSION = YES;
				CLANG_WARN_OBJC_IMPLICIT_RETAIN_SELF = YES;
				CLANG_WARN_OBJC_LITERAL_CONVERSION = YES;
				CLANG_WARN_OBJC_ROOT_CLASS = YES_ERROR;
				CLANG_WARN_QUOTED_INCLUDE_IN_FRAMEWORK_HEADER = YES;
				CLANG_WARN_RANGE_LOOP_ANALYSIS = YES;
				CLANG_WARN_STRICT_PROTOTYPES = YES;
				CLANG_WARN_SUSPICIOUS_MOVE = YES;
				CLANG_WARN_UNGUARDED_AVAILABILITY = YES_AGGRESSIVE;
				CLANG_WARN_UNREACHABLE_CODE = YES;
				CLANG_WARN__DUPLICATE_METHOD_MATCH = YES;
				COPY_PHASE_STRIP = NO;
				DEBUG_INFORMATION_FORMAT = dwarf;
				ENABLE_STRICT_OBJC_MSGSEND = YES;
				ENABLE_TESTABILITY = YES;
				GCC_C_LANGUAGE_STANDARD = gnu11;
				GCC_DYNAMIC_NO_PIC = NO;
				GCC_NO_COMMON_BLOCKS = YES;
				GCC_OPTIMIZATION_LEVEL = 0;
				GCC_PREPROCESSOR_DEFINITIONS = (
					"DEBUG=1",
					"$(inherited)",
				);
				GCC_WARN_64_TO_32_BIT_CONVERSION = YES;
				GCC_WARN_ABOUT_RETURN_TYPE = YES_ERROR;
				GCC_WARN_UNDECLARED_SELECTOR = YES;
				GCC_WARN_UNINITIALIZED_AUTOS = YES_AGGRESSIVE;
				GCC_WARN_UNUSED_FUNCTION = YES;
				GCC_WARN_UNUSED_VARIABLE = YES;
				IPHONEOS_DEPLOYMENT_TARGET = 16.2;
				MTL_ENABLE_DEBUG_INFO = INCLUDE_SOURCE;
				MTL_FAST_MATH = YES;
				ONLY_ACTIVE_ARCH = YES;
				SDKROOT = iphoneos;
				SWIFT_ACTIVE_COMPILATION_CONDITIONS = DEBUG;
				SWIFT_OPTIMIZATION_LEVEL = "-Onone";
			};
			name = Debug;
		};
		7452DE0B29C5D5F500FB579A /* Release */ = {
			isa = XCBuildConfiguration;
			buildSettings = {
				ALWAYS_SEARCH_USER_PATHS = NO;
				CLANG_ANALYZER_NONNULL = YES;
				CLANG_ANALYZER_NUMBER_OBJECT_CONVERSION = YES_AGGRESSIVE;
				CLANG_CXX_LANGUAGE_STANDARD = "gnu++20";
				CLANG_ENABLE_MODULES = YES;
				CLANG_ENABLE_OBJC_ARC = YES;
				CLANG_ENABLE_OBJC_WEAK = YES;
				CLANG_WARN_BLOCK_CAPTURE_AUTORELEASING = YES;
				CLANG_WARN_BOOL_CONVERSION = YES;
				CLANG_WARN_COMMA = YES;
				CLANG_WARN_CONSTANT_CONVERSION = YES;
				CLANG_WARN_DEPRECATED_OBJC_IMPLEMENTATIONS = YES;
				CLANG_WARN_DIRECT_OBJC_ISA_USAGE = YES_ERROR;
				CLANG_WARN_DOCUMENTATION_COMMENTS = YES;
				CLANG_WARN_EMPTY_BODY = YES;
				CLANG_WARN_ENUM_CONVERSION = YES;
				CLANG_WARN_INFINITE_RECURSION = YES;
				CLANG_WARN_INT_CONVERSION = YES;
				CLANG_WARN_NON_LITERAL_NULL_CONVERSION = YES;
				CLANG_WARN_OBJC_IMPLICIT_RETAIN_SELF = YES;
				CLANG_WARN_OBJC_LITERAL_CONVERSION = YES;
				CLANG_WARN_OBJC_ROOT_CLASS = YES_ERROR;
				CLANG_WARN_QUOTED_INCLUDE_IN_FRAMEWORK_HEADER = YES;
				CLANG_WARN_RANGE_LOOP_ANALYSIS = YES;
				CLANG_WARN_STRICT_PROTOTYPES = YES;
				CLANG_WARN_SUSPICIOUS_MOVE = YES;
				CLANG_WARN_UNGUARDED_AVAILABILITY = YES_AGGRESSIVE;
				CLANG_WARN_UNREACHABLE_CODE = YES;
				CLANG_WARN__DUPLICATE_METHOD_MATCH = YES;
				COPY_PHASE_STRIP = NO;
				DEBUG_INFORMATION_FORMAT = "dwarf-with-dsym";
				ENABLE_NS_ASSERTIONS = NO;
				ENABLE_STRICT_OBJC_MSGSEND = YES;
				GCC_C_LANGUAGE_STANDARD = gnu11;
				GCC_NO_COMMON_BLOCKS = YES;
				GCC_WARN_64_TO_32_BIT_CONVERSION = YES;
				GCC_WARN_ABOUT_RETURN_TYPE = YES_ERROR;
				GCC_WARN_UNDECLARED_SELECTOR = YES;
				GCC_WARN_UNINITIALIZED_AUTOS = YES_AGGRESSIVE;
				GCC_WARN_UNUSED_FUNCTION = YES;
				GCC_WARN_UNUSED_VARIABLE = YES;
				IPHONEOS_DEPLOYMENT_TARGET = 16.2;
				MTL_ENABLE_DEBUG_INFO = NO;
				MTL_FAST_MATH = YES;
				SDKROOT = iphoneos;
				SWIFT_COMPILATION_MODE = wholemodule;
				SWIFT_OPTIMIZATION_LEVEL = "-O";
				VALIDATE_PRODUCT = YES;
			};
			name = Release;
		};
		7452DE0D29C5D5F500FB579A /* Debug */ = {
			isa = XCBuildConfiguration;
			buildSettings = {
				ASSETCATALOG_COMPILER_APPICON_NAME = AppIcon;
				ASSETCATALOG_COMPILER_GLOBAL_ACCENT_COLOR_NAME = AccentColor;
				CODE_SIGN_STYLE = Automatic;
				CURRENT_PROJECT_VERSION = 1;
				GENERATE_INFOPLIST_FILE = YES;
				INFOPLIST_FILE = YuGiOh/Info.plist;
				INFOPLIST_KEY_UIApplicationSupportsIndirectInputEvents = YES;
				INFOPLIST_KEY_UILaunchStoryboardName = LaunchScreen;
				INFOPLIST_KEY_UISupportedInterfaceOrientations_iPad = "UIInterfaceOrientationPortrait UIInterfaceOrientationPortraitUpsideDown UIInterfaceOrientationLandscapeLeft UIInterfaceOrientationLandscapeRight";
				INFOPLIST_KEY_UISupportedInterfaceOrientations_iPhone = "UIInterfaceOrientationPortrait UIInterfaceOrientationLandscapeLeft UIInterfaceOrientationLandscapeRight";
				LD_RUNPATH_SEARCH_PATHS = (
					"$(inherited)",
					"@executable_path/Frameworks",
				);
				MARKETING_VERSION = 1.0;
				PRODUCT_BUNDLE_IDENTIFIER = com.furkansarip.YuGiOh;
				PRODUCT_NAME = "$(TARGET_NAME)";
				SUPPORTED_PLATFORMS = "iphoneos iphonesimulator";
				SUPPORTS_MACCATALYST = NO;
				SUPPORTS_MAC_DESIGNED_FOR_IPHONE_IPAD = NO;
				SWIFT_EMIT_LOC_STRINGS = YES;
				SWIFT_VERSION = 5.0;
				TARGETED_DEVICE_FAMILY = 1;
			};
			name = Debug;
		};
		7452DE0E29C5D5F500FB579A /* Release */ = {
			isa = XCBuildConfiguration;
			buildSettings = {
				ASSETCATALOG_COMPILER_APPICON_NAME = AppIcon;
				ASSETCATALOG_COMPILER_GLOBAL_ACCENT_COLOR_NAME = AccentColor;
				CODE_SIGN_STYLE = Automatic;
				CURRENT_PROJECT_VERSION = 1;
				GENERATE_INFOPLIST_FILE = YES;
				INFOPLIST_FILE = YuGiOh/Info.plist;
				INFOPLIST_KEY_UIApplicationSupportsIndirectInputEvents = YES;
				INFOPLIST_KEY_UILaunchStoryboardName = LaunchScreen;
				INFOPLIST_KEY_UISupportedInterfaceOrientations_iPad = "UIInterfaceOrientationPortrait UIInterfaceOrientationPortraitUpsideDown UIInterfaceOrientationLandscapeLeft UIInterfaceOrientationLandscapeRight";
				INFOPLIST_KEY_UISupportedInterfaceOrientations_iPhone = "UIInterfaceOrientationPortrait UIInterfaceOrientationLandscapeLeft UIInterfaceOrientationLandscapeRight";
				LD_RUNPATH_SEARCH_PATHS = (
					"$(inherited)",
					"@executable_path/Frameworks",
				);
				MARKETING_VERSION = 1.0;
				PRODUCT_BUNDLE_IDENTIFIER = com.furkansarip.YuGiOh;
				PRODUCT_NAME = "$(TARGET_NAME)";
				SUPPORTED_PLATFORMS = "iphoneos iphonesimulator";
				SUPPORTS_MACCATALYST = NO;
				SUPPORTS_MAC_DESIGNED_FOR_IPHONE_IPAD = NO;
				SWIFT_EMIT_LOC_STRINGS = YES;
				SWIFT_VERSION = 5.0;
				TARGETED_DEVICE_FAMILY = 1;
			};
			name = Release;
		};
/* End XCBuildConfiguration section */

/* Begin XCConfigurationList section */
		7452DDF029C5D5F400FB579A /* Build configuration list for PBXProject "YuGiOh" */ = {
			isa = XCConfigurationList;
			buildConfigurations = (
				7452DE0A29C5D5F500FB579A /* Debug */,
				7452DE0B29C5D5F500FB579A /* Release */,
			);
			defaultConfigurationIsVisible = 0;
			defaultConfigurationName = Release;
		};
		7452DE0C29C5D5F500FB579A /* Build configuration list for PBXNativeTarget "YuGiOh" */ = {
			isa = XCConfigurationList;
			buildConfigurations = (
				7452DE0D29C5D5F500FB579A /* Debug */,
				7452DE0E29C5D5F500FB579A /* Release */,
			);
			defaultConfigurationIsVisible = 0;
			defaultConfigurationName = Release;
		};
/* End XCConfigurationList section */

/* Begin XCVersionGroup section */
		7452DE0129C5D5F400FB579A /* YuGiOh.xcdatamodeld */ = {
			isa = XCVersionGroup;
			children = (
				7452DE0229C5D5F400FB579A /* YuGiOh.xcdatamodel */,
			);
			currentVersion = 7452DE0229C5D5F400FB579A /* YuGiOh.xcdatamodel */;
			path = YuGiOh.xcdatamodeld;
			sourceTree = "<group>";
			versionGroupType = wrapper.xcdatamodel;
		};
/* End XCVersionGroup section */
	};
	rootObject = 7452DDED29C5D5F400FB579A /* Project object */;
}
